
Microsoft Visual Studio Solution File, Format Version 12.00
# Visual Studio 15
VisualStudioVersion = 15.0.28307.960
MinimumVisualStudioVersion = 10.0.40219.1
Project("{FAE04EC0-301F-11D3-BF4B-00C04F79EFBC}") = "TataAIGVision", "TataAIGVision\TataAIGVision.csproj", "{538DD227-13EA-4BCF-86CA-C936C2D98DCA}"
EndProject
Global
	GlobalSection(SolutionConfigurationPlatforms) = preSolution
		Debug|Any CPU = Debug|Any CPU
		Release|Any CPU = Release|Any CPU
	EndGlobalSection
	GlobalSection(ProjectConfigurationPlatforms) = postSolution
		{538DD227-13EA-4BCF-86CA-C936C2D98DCA}.Debug|Any CPU.ActiveCfg = Debug|Any CPU
		{538DD227-13EA-4BCF-86CA-C936C2D98DCA}.Debug|Any CPU.Build.0 = Debug|Any CPU
		{538DD227-13EA-4BCF-86CA-C936C2D98DCA}.Release|Any CPU.ActiveCfg = Release|Any CPU
		{538DD227-13EA-4BCF-86CA-C936C2D98DCA}.Release|Any CPU.Build.0 = Release|Any CPU
	EndGlobalSection
	GlobalSection(SolutionProperties) = preSolution
		HideSolutionNode = FALSE
	EndGlobalSection
	GlobalSection(ExtensibilityGlobals) = postSolution
		SolutionGuid = {E23F505E-AEED-4D89-847F-5362225FDD20}
	EndGlobalSection
EndGlobal
