
Microsoft Visual Studio Solution File, Format Version 12.00
# Visual Studio 15
VisualStudioVersion = 15.0.28307.960
MinimumVisualStudioVersion = 10.0.40219.1
Project("{FAE04EC0-301F-11D3-BF4B-00C04F79EFBC}") = "Kotak-MockBotApplication", "Kotak-MockBotApplication\Kotak-MockBotApplication.csproj", "{C96FB09A-9096-48E9-B732-910BBD0A9C48}"
EndProject
Global
	GlobalSection(SolutionConfigurationPlatforms) = preSolution
		Debug|Any CPU = Debug|Any CPU
		Release|Any CPU = Release|Any CPU
	EndGlobalSection
	GlobalSection(ProjectConfigurationPlatforms) = postSolution
		{C96FB09A-9096-48E9-B732-910BBD0A9C48}.Debug|Any CPU.ActiveCfg = Debug|Any CPU
		{C96FB09A-9096-48E9-B732-910BBD0A9C48}.Debug|Any CPU.Build.0 = Debug|Any CPU
		{C96FB09A-9096-48E9-B732-910BBD0A9C48}.Release|Any CPU.ActiveCfg = Release|Any CPU
		{C96FB09A-9096-48E9-B732-910BBD0A9C48}.Release|Any CPU.Build.0 = Release|Any CPU
	EndGlobalSection
	GlobalSection(SolutionProperties) = preSolution
		HideSolutionNode = FALSE
	EndGlobalSection
	GlobalSection(ExtensibilityGlobals) = postSolution
		SolutionGuid = {D8C05D28-9ACA-491A-B13E-E4723F6EB3BB}
	EndGlobalSection
EndGlobal
